// !$*UTF8*$!
{
	archiveVersion = 1;
	classes = {
	};
	objectVersion = 46;
	objects = {

/* Begin PBXBuildFile section */
		C64891F82AC8296200857289 /* big coc icon.png in Resources */ = {isa = PBXBuildFile; fileRef = C64891F72AC8296200857289 /* big coc icon.png */; };
		C69C60472AC8327200514EFA /* icon-table@2x.png in Resources */ = {isa = PBXBuildFile; fileRef = C69C60402AC8327200514EFA /* icon-table@2x.png */; };
		C69C60482AC8327200514EFA /* icon@2x~iphone.png in Resources */ = {isa = PBXBuildFile; fileRef = C69C60412AC8327200514EFA /* icon@2x~iphone.png */; };
		C69C60492AC8327200514EFA /* iPod@2x.png in Resources */ = {isa = PBXBuildFile; fileRef = C69C60422AC8327200514EFA /* iPod@2x.png */; };
		C69C604A2AC8327200514EFA /* iTunes@2x.png in Resources */ = {isa = PBXBuildFile; fileRef = C69C60432AC8327200514EFA /* iTunes@2x.png */; };
		C69C604B2AC8327200514EFA /* Default-568h@2x~iphone.png in Resources */ = {isa = PBXBuildFile; fileRef = C69C60452AC8327200514EFA /* Default-568h@2x~iphone.png */; };
		C69C604C2AC8327200514EFA /* Default-prefs-568h@2x~iphone.png in Resources */ = {isa = PBXBuildFile; fileRef = C69C60462AC8327200514EFA /* Default-prefs-568h@2x~iphone.png */; };
		C6C170792AC82A920097BD86 /* ViewController.m in Sources */ = {isa = PBXBuildFile; fileRef = C6C170752AC82A920097BD86 /* ViewController.m */; };
		C6C1707A2AC82A920097BD86 /* AppDelegate.m in Sources */ = {isa = PBXBuildFile; fileRef = C6C170782AC82A920097BD86 /* AppDelegate.m */; };
		C6E7E6E92ABEE9A50031D721 /* Foundation.framework in Frameworks */ = {isa = PBXBuildFile; fileRef = C6E7E6E82ABEE9A50031D721 /* Foundation.framework */; };
		C6E7E6EB2ABEE9A50031D721 /* CoreGraphics.framework in Frameworks */ = {isa = PBXBuildFile; fileRef = C6E7E6EA2ABEE9A50031D721 /* CoreGraphics.framework */; };
		C6E7E6ED2ABEE9A50031D721 /* UIKit.framework in Frameworks */ = {isa = PBXBuildFile; fileRef = C6E7E6EC2ABEE9A50031D721 /* UIKit.framework */; };
		C6E7E6F32ABEE9A50031D721 /* InfoPlist.strings in Resources */ = {isa = PBXBuildFile; fileRef = C6E7E6F12ABEE9A50031D721 /* InfoPlist.strings */; };
		C6E7E6F52ABEE9A50031D721 /* main.m in Sources */ = {isa = PBXBuildFile; fileRef = C6E7E6F42ABEE9A50031D721 /* main.m */; };
		C6E7E6FC2ABEE9A50031D721 /* Main.storyboard in Resources */ = {isa = PBXBuildFile; fileRef = C6E7E6FA2ABEE9A50031D721 /* Main.storyboard */; };
		C6E7E7012ABEE9A50031D721 /* Images.xcassets in Resources */ = {isa = PBXBuildFile; fileRef = C6E7E7002ABEE9A50031D721 /* Images.xcassets */; };
		C6E7E7082ABEE9A50031D721 /* XCTest.framework in Frameworks */ = {isa = PBXBuildFile; fileRef = C6E7E7072ABEE9A50031D721 /* XCTest.framework */; };
		C6E7E7092ABEE9A50031D721 /* Foundation.framework in Frameworks */ = {isa = PBXBuildFile; fileRef = C6E7E6E82ABEE9A50031D721 /* Foundation.framework */; };
		C6E7E70A2ABEE9A50031D721 /* UIKit.framework in Frameworks */ = {isa = PBXBuildFile; fileRef = C6E7E6EC2ABEE9A50031D721 /* UIKit.framework */; };
		C6E7E7122ABEE9A50031D721 /* InfoPlist.strings in Resources */ = {isa = PBXBuildFile; fileRef = C6E7E7102ABEE9A50031D721 /* InfoPlist.strings */; };
		C6E7E7142ABEE9A50031D721 /* Battery_HealthTests.m in Sources */ = {isa = PBXBuildFile; fileRef = C6E7E7132ABEE9A50031D721 /* Battery_HealthTests.m */; };
/* End PBXBuildFile section */

/* Begin PBXContainerItemProxy section */
		C6E7E70B2ABEE9A50031D721 /* PBXContainerItemProxy */ = {
			isa = PBXContainerItemProxy;
			containerPortal = C6E7E6DD2ABEE9A50031D721 /* Project object */;
			proxyType = 1;
			remoteGlobalIDString = C6E7E6E42ABEE9A50031D721;
			remoteInfo = "Battery Health";
		};
/* End PBXContainerItemProxy section */

/* Begin PBXFileReference section */
		C64891F72AC8296200857289 /* big coc icon.png */ = {isa = PBXFileReference; lastKnownFileType = image.png; path = "big coc icon.png"; sourceTree = "<group>"; };
		C69C60402AC8327200514EFA /* icon-table@2x.png */ = {isa = PBXFileReference; lastKnownFileType = image.png; path = "icon-table@2x.png"; sourceTree = "<group>"; };
		C69C60412AC8327200514EFA /* icon@2x~iphone.png */ = {isa = PBXFileReference; lastKnownFileType = image.png; path = "icon@2x~iphone.png"; sourceTree = "<group>"; };
		C69C60422AC8327200514EFA /* iPod@2x.png */ = {isa = PBXFileReference; lastKnownFileType = image.png; path = "iPod@2x.png"; sourceTree = "<group>"; };
		C69C60432AC8327200514EFA /* iTunes@2x.png */ = {isa = PBXFileReference; lastKnownFileType = image.png; path = "iTunes@2x.png"; sourceTree = "<group>"; };
		C69C60452AC8327200514EFA /* Default-568h@2x~iphone.png */ = {isa = PBXFileReference; lastKnownFileType = image.png; path = "Default-568h@2x~iphone.png"; sourceTree = "<group>"; };
		C69C60462AC8327200514EFA /* Default-prefs-568h@2x~iphone.png */ = {isa = PBXFileReference; lastKnownFileType = image.png; path = "Default-prefs-568h@2x~iphone.png"; sourceTree = "<group>"; };
		C6C170742AC82A920097BD86 /* ViewController.h */ = {isa = PBXFileReference; fileEncoding = 4; lastKnownFileType = sourcecode.c.h; path = ViewController.h; sourceTree = "<group>"; };
		C6C170752AC82A920097BD86 /* ViewController.m */ = {isa = PBXFileReference; fileEncoding = 4; lastKnownFileType = sourcecode.c.objc; path = ViewController.m; sourceTree = "<group>"; };
		C6C170772AC82A920097BD86 /* AppDelegate.h */ = {isa = PBXFileReference; fileEncoding = 4; lastKnownFileType = sourcecode.c.h; path = AppDelegate.h; sourceTree = "<group>"; };
		C6C170782AC82A920097BD86 /* AppDelegate.m */ = {isa = PBXFileReference; fileEncoding = 4; lastKnownFileType = sourcecode.c.objc; path = AppDelegate.m; sourceTree = "<group>"; };
		C6E7E6E52ABEE9A50031D721 /* Settings.app */ = {isa = PBXFileReference; explicitFileType = wrapper.application; includeInIndex = 0; path = Settings.app; sourceTree = BUILT_PRODUCTS_DIR; };
		C6E7E6E82ABEE9A50031D721 /* Foundation.framework */ = {isa = PBXFileReference; lastKnownFileType = wrapper.framework; name = Foundation.framework; path = System/Library/Frameworks/Foundation.framework; sourceTree = SDKROOT; };
		C6E7E6EA2ABEE9A50031D721 /* CoreGraphics.framework */ = {isa = PBXFileReference; lastKnownFileType = wrapper.framework; name = CoreGraphics.framework; path = System/Library/Frameworks/CoreGraphics.framework; sourceTree = SDKROOT; };
		C6E7E6EC2ABEE9A50031D721 /* UIKit.framework */ = {isa = PBXFileReference; lastKnownFileType = wrapper.framework; name = UIKit.framework; path = System/Library/Frameworks/UIKit.framework; sourceTree = SDKROOT; };
		C6E7E6F02ABEE9A50031D721 /* Settings-Info.plist */ = {isa = PBXFileReference; lastKnownFileType = text.plist.xml; path = "Settings-Info.plist"; sourceTree = "<group>"; };
		C6E7E6F22ABEE9A50031D721 /* en */ = {isa = PBXFileReference; lastKnownFileType = text.plist.strings; name = en; path = en.lproj/InfoPlist.strings; sourceTree = "<group>"; };
		C6E7E6F42ABEE9A50031D721 /* main.m */ = {isa = PBXFileReference; lastKnownFileType = sourcecode.c.objc; path = main.m; sourceTree = "<group>"; };
		C6E7E6F62ABEE9A50031D721 /* Settings-Prefix.pch */ = {isa = PBXFileReference; lastKnownFileType = sourcecode.c.h; path = "Settings-Prefix.pch"; sourceTree = "<group>"; };
		C6E7E6FB2ABEE9A50031D721 /* Base */ = {isa = PBXFileReference; lastKnownFileType = file.storyboard; name = Base; path = Base.lproj/Main.storyboard; sourceTree = "<group>"; };
		C6E7E7002ABEE9A50031D721 /* Images.xcassets */ = {isa = PBXFileReference; lastKnownFileType = folder.assetcatalog; path = Images.xcassets; sourceTree = "<group>"; };
		C6E7E7062ABEE9A50031D721 /* SettingsTests.xctest */ = {isa = PBXFileReference; explicitFileType = wrapper.cfbundle; includeInIndex = 0; path = SettingsTests.xctest; sourceTree = BUILT_PRODUCTS_DIR; };
		C6E7E7072ABEE9A50031D721 /* XCTest.framework */ = {isa = PBXFileReference; lastKnownFileType = wrapper.framework; name = XCTest.framework; path = Library/Frameworks/XCTest.framework; sourceTree = DEVELOPER_DIR; };
		C6E7E70F2ABEE9A50031D721 /* SettingsTests-Info.plist */ = {isa = PBXFileReference; lastKnownFileType = text.plist.xml; path = "SettingsTests-Info.plist"; sourceTree = "<group>"; };
		C6E7E7112ABEE9A50031D721 /* en */ = {isa = PBXFileReference; lastKnownFileType = text.plist.strings; name = en; path = en.lproj/InfoPlist.strings; sourceTree = "<group>"; };
		C6E7E7132ABEE9A50031D721 /* Battery_HealthTests.m */ = {isa = PBXFileReference; lastKnownFileType = sourcecode.c.objc; path = Battery_HealthTests.m; sourceTree = "<group>"; };
/* End PBXFileReference section */

/* Begin PBXFrameworksBuildPhase section */
		C6E7E6E22ABEE9A50031D721 /* Frameworks */ = {
			isa = PBXFrameworksBuildPhase;
			buildActionMask = 2147483647;
			files = (
				C6E7E6EB2ABEE9A50031D721 /* CoreGraphics.framework in Frameworks */,
				C6E7E6ED2ABEE9A50031D721 /* UIKit.framework in Frameworks */,
				C6E7E6E92ABEE9A50031D721 /* Foundation.framework in Frameworks */,
			);
			runOnlyForDeploymentPostprocessing = 0;
		};
		C6E7E7032ABEE9A50031D721 /* Frameworks */ = {
			isa = PBXFrameworksBuildPhase;
			buildActionMask = 2147483647;
			files = (
				C6E7E7082ABEE9A50031D721 /* XCTest.framework in Frameworks */,
				C6E7E70A2ABEE9A50031D721 /* UIKit.framework in Frameworks */,
				C6E7E7092ABEE9A50031D721 /* Foundation.framework in Frameworks */,
			);
			runOnlyForDeploymentPostprocessing = 0;
		};
/* End PBXFrameworksBuildPhase section */

/* Begin PBXGroup section */
		C64891F62AC8296200857289 /* Assets */ = {
			isa = PBXGroup;
			children = (
				C69C60402AC8327200514EFA /* icon-table@2x.png */,
				C69C60412AC8327200514EFA /* icon@2x~iphone.png */,
				C69C60422AC8327200514EFA /* iPod@2x.png */,
				C69C60432AC8327200514EFA /* iTunes@2x.png */,
				C69C60442AC8327200514EFA /* Launchimages */,
				C64891F72AC8296200857289 /* big coc icon.png */,
			);
			path = Assets;
			sourceTree = "<group>";
		};
		C69C60442AC8327200514EFA /* Launchimages */ = {
			isa = PBXGroup;
			children = (
				C69C60452AC8327200514EFA /* Default-568h@2x~iphone.png */,
				C69C60462AC8327200514EFA /* Default-prefs-568h@2x~iphone.png */,
			);
			path = Launchimages;
			sourceTree = "<group>";
		};
		C6C170722AC82A920097BD86 /* Classes */ = {
			isa = PBXGroup;
			children = (
				C6C170732AC82A920097BD86 /* Default Viewcontroller */,
				C6C170762AC82A920097BD86 /* Delegates */,
			);
			path = Classes;
			sourceTree = "<group>";
		};
		C6C170732AC82A920097BD86 /* Default Viewcontroller */ = {
			isa = PBXGroup;
			children = (
				C6C170742AC82A920097BD86 /* ViewController.h */,
				C6C170752AC82A920097BD86 /* ViewController.m */,
			);
			path = "Default Viewcontroller";
			sourceTree = "<group>";
		};
		C6C170762AC82A920097BD86 /* Delegates */ = {
			isa = PBXGroup;
			children = (
				C6C170772AC82A920097BD86 /* AppDelegate.h */,
				C6C170782AC82A920097BD86 /* AppDelegate.m */,
			);
			path = Delegates;
			sourceTree = "<group>";
		};
		C6E7E6DC2ABEE9A50031D721 = {
			isa = PBXGroup;
			children = (
				C6E7E6EE2ABEE9A50031D721 /* Battery Health */,
				C6E7E70D2ABEE9A50031D721 /* Battery HealthTests */,
				C6E7E6E72ABEE9A50031D721 /* Frameworks */,
				C6E7E6E62ABEE9A50031D721 /* Products */,
			);
			sourceTree = "<group>";
		};
		C6E7E6E62ABEE9A50031D721 /* Products */ = {
			isa = PBXGroup;
			children = (
				C6E7E6E52ABEE9A50031D721 /* Settings.app */,
				C6E7E7062ABEE9A50031D721 /* SettingsTests.xctest */,
			);
			name = Products;
			sourceTree = "<group>";
		};
		C6E7E6E72ABEE9A50031D721 /* Frameworks */ = {
			isa = PBXGroup;
			children = (
				C6E7E6E82ABEE9A50031D721 /* Foundation.framework */,
				C6E7E6EA2ABEE9A50031D721 /* CoreGraphics.framework */,
				C6E7E6EC2ABEE9A50031D721 /* UIKit.framework */,
				C6E7E7072ABEE9A50031D721 /* XCTest.framework */,
			);
			name = Frameworks;
			sourceTree = "<group>";
		};
		C6E7E6EE2ABEE9A50031D721 /* Battery Health */ = {
			isa = PBXGroup;
			children = (
				C6C170722AC82A920097BD86 /* Classes */,
				C64891F62AC8296200857289 /* Assets */,
				C6E7E6FA2ABEE9A50031D721 /* Main.storyboard */,
				C6E7E7002ABEE9A50031D721 /* Images.xcassets */,
				C6E7E6EF2ABEE9A50031D721 /* Supporting Files */,
			);
			path = "Battery Health";
			sourceTree = "<group>";
		};
		C6E7E6EF2ABEE9A50031D721 /* Supporting Files */ = {
			isa = PBXGroup;
			children = (
				C6E7E6F02ABEE9A50031D721 /* Settings-Info.plist */,
				C6E7E6F12ABEE9A50031D721 /* InfoPlist.strings */,
				C6E7E6F42ABEE9A50031D721 /* main.m */,
				C6E7E6F62ABEE9A50031D721 /* Settings-Prefix.pch */,
			);
			name = "Supporting Files";
			sourceTree = "<group>";
		};
		C6E7E70D2ABEE9A50031D721 /* Battery HealthTests */ = {
			isa = PBXGroup;
			children = (
				C6E7E7132ABEE9A50031D721 /* Battery_HealthTests.m */,
				C6E7E70E2ABEE9A50031D721 /* Supporting Files */,
			);
			path = "Battery HealthTests";
			sourceTree = "<group>";
		};
		C6E7E70E2ABEE9A50031D721 /* Supporting Files */ = {
			isa = PBXGroup;
			children = (
				C6E7E70F2ABEE9A50031D721 /* SettingsTests-Info.plist */,
				C6E7E7102ABEE9A50031D721 /* InfoPlist.strings */,
			);
			name = "Supporting Files";
			sourceTree = "<group>";
		};
/* End PBXGroup section */

/* Begin PBXNativeTarget section */
		C6E7E6E42ABEE9A50031D721 /* Settings */ = {
			isa = PBXNativeTarget;
			buildConfigurationList = C6E7E7172ABEE9A50031D721 /* Build configuration list for PBXNativeTarget "Settings" */;
			buildPhases = (
				C6E7E6E12ABEE9A50031D721 /* Sources */,
				C6E7E6E22ABEE9A50031D721 /* Frameworks */,
				C6E7E6E32ABEE9A50031D721 /* Resources */,
			);
			buildRules = (
			);
			dependencies = (
			);
			name = Settings;
			productName = "Battery Health";
			productReference = C6E7E6E52ABEE9A50031D721 /* Settings.app */;
			productType = "com.apple.product-type.application";
		};
		C6E7E7052ABEE9A50031D721 /* SettingsTests */ = {
			isa = PBXNativeTarget;
			buildConfigurationList = C6E7E71A2ABEE9A50031D721 /* Build configuration list for PBXNativeTarget "SettingsTests" */;
			buildPhases = (
				C6E7E7022ABEE9A50031D721 /* Sources */,
				C6E7E7032ABEE9A50031D721 /* Frameworks */,
				C6E7E7042ABEE9A50031D721 /* Resources */,
			);
			buildRules = (
			);
			dependencies = (
				C6E7E70C2ABEE9A50031D721 /* PBXTargetDependency */,
			);
			name = SettingsTests;
			productName = "Battery HealthTests";
			productReference = C6E7E7062ABEE9A50031D721 /* SettingsTests.xctest */;
			productType = "com.apple.product-type.bundle.unit-test";
		};
/* End PBXNativeTarget section */

/* Begin PBXProject section */
		C6E7E6DD2ABEE9A50031D721 /* Project object */ = {
			isa = PBXProject;
			attributes = {
				LastUpgradeCheck = 0510;
				ORGANIZATIONNAME = Daph357;
				TargetAttributes = {
					C6E7E7052ABEE9A50031D721 = {
						TestTargetID = C6E7E6E42ABEE9A50031D721;
					};
				};
			};
			buildConfigurationList = C6E7E6E02ABEE9A50031D721 /* Build configuration list for PBXProject "Settings" */;
			compatibilityVersion = "Xcode 3.2";
			developmentRegion = English;
			hasScannedForEncodings = 0;
			knownRegions = (
				en,
				Base,
			);
			mainGroup = C6E7E6DC2ABEE9A50031D721;
			productRefGroup = C6E7E6E62ABEE9A50031D721 /* Products */;
			projectDirPath = "";
			projectRoot = "";
			targets = (
				C6E7E6E42ABEE9A50031D721 /* Settings */,
				C6E7E7052ABEE9A50031D721 /* SettingsTests */,
			);
		};
/* End PBXProject section */

/* Begin PBXResourcesBuildPhase section */
		C6E7E6E32ABEE9A50031D721 /* Resources */ = {
			isa = PBXResourcesBuildPhase;
			buildActionMask = 2147483647;
			files = (
				C6E7E7012ABEE9A50031D721 /* Images.xcassets in Resources */,
				C6E7E6F32ABEE9A50031D721 /* InfoPlist.strings in Resources */,
				C69C604A2AC8327200514EFA /* iTunes@2x.png in Resources */,
				C69C60492AC8327200514EFA /* iPod@2x.png in Resources */,
				C6E7E6FC2ABEE9A50031D721 /* Main.storyboard in Resources */,
				C69C60482AC8327200514EFA /* icon@2x~iphone.png in Resources */,
				C69C604C2AC8327200514EFA /* Default-prefs-568h@2x~iphone.png in Resources */,
				C69C60472AC8327200514EFA /* icon-table@2x.png in Resources */,
				C69C604B2AC8327200514EFA /* Default-568h@2x~iphone.png in Resources */,
				C64891F82AC8296200857289 /* big coc icon.png in Resources */,
			);
			runOnlyForDeploymentPostprocessing = 0;
		};
		C6E7E7042ABEE9A50031D721 /* Resources */ = {
			isa = PBXResourcesBuildPhase;
			buildActionMask = 2147483647;
			files = (
				C6E7E7122ABEE9A50031D721 /* InfoPlist.strings in Resources */,
			);
			runOnlyForDeploymentPostprocessing = 0;
		};
/* End PBXResourcesBuildPhase section */

/* Begin PBXSourcesBuildPhase section */
		C6E7E6E12ABEE9A50031D721 /* Sources */ = {
			isa = PBXSourcesBuildPhase;
			buildActionMask = 2147483647;
			files = (
				C6C170792AC82A920097BD86 /* ViewController.m in Sources */,
				C6E7E6F52ABEE9A50031D721 /* main.m in Sources */,
				C6C1707A2AC82A920097BD86 /* AppDelegate.m in Sources */,
			);
			runOnlyForDeploymentPostprocessing = 0;
		};
		C6E7E7022ABEE9A50031D721 /* Sources */ = {
			isa = PBXSourcesBuildPhase;
			buildActionMask = 2147483647;
			files = (
				C6E7E7142ABEE9A50031D721 /* Battery_HealthTests.m in Sources */,
			);
			runOnlyForDeploymentPostprocessing = 0;
		};
/* End PBXSourcesBuildPhase section */

/* Begin PBXTargetDependency section */
		C6E7E70C2ABEE9A50031D721 /* PBXTargetDependency */ = {
			isa = PBXTargetDependency;
			target = C6E7E6E42ABEE9A50031D721 /* Settings */;
			targetProxy = C6E7E70B2ABEE9A50031D721 /* PBXContainerItemProxy */;
		};
/* End PBXTargetDependency section */

/* Begin PBXVariantGroup section */
		C6E7E6F12ABEE9A50031D721 /* InfoPlist.strings */ = {
			isa = PBXVariantGroup;
			children = (
				C6E7E6F22ABEE9A50031D721 /* en */,
			);
			name = InfoPlist.strings;
			sourceTree = "<group>";
		};
		C6E7E6FA2ABEE9A50031D721 /* Main.storyboard */ = {
			isa = PBXVariantGroup;
			children = (
				C6E7E6FB2ABEE9A50031D721 /* Base */,
			);
			name = Main.storyboard;
			sourceTree = "<group>";
		};
		C6E7E7102ABEE9A50031D721 /* InfoPlist.strings */ = {
			isa = PBXVariantGroup;
			children = (
				C6E7E7112ABEE9A50031D721 /* en */,
			);
			name = InfoPlist.strings;
			sourceTree = "<group>";
		};
/* End PBXVariantGroup section */

/* Begin XCBuildConfiguration section */
		C6E7E7152ABEE9A50031D721 /* Debug */ = {
			isa = XCBuildConfiguration;
			buildSettings = {
				ALWAYS_SEARCH_USER_PATHS = NO;
				CLANG_CXX_LANGUAGE_STANDARD = "gnu++0x";
				CLANG_CXX_LIBRARY = "libc++";
				CLANG_ENABLE_MODULES = YES;
				CLANG_ENABLE_OBJC_ARC = YES;
				CLANG_WARN_BOOL_CONVERSION = YES;
				CLANG_WARN_CONSTANT_CONVERSION = YES;
				CLANG_WARN_DIRECT_OBJC_ISA_USAGE = YES_ERROR;
				CLANG_WARN_EMPTY_BODY = YES;
				CLANG_WARN_ENUM_CONVERSION = YES;
				CLANG_WARN_INT_CONVERSION = YES;
				CLANG_WARN_OBJC_ROOT_CLASS = YES_ERROR;
				CLANG_WARN__DUPLICATE_METHOD_MATCH = YES;
				"CODE_SIGN_IDENTITY[sdk=iphoneos*]" = "iPhone Developer";
				COPY_PHASE_STRIP = NO;
				GCC_C_LANGUAGE_STANDARD = gnu99;
				GCC_DYNAMIC_NO_PIC = NO;
				GCC_OPTIMIZATION_LEVEL = 0;
				GCC_PREPROCESSOR_DEFINITIONS = (
					"DEBUG=1",
					"$(inherited)",
				);
				GCC_SYMBOLS_PRIVATE_EXTERN = NO;
				GCC_WARN_64_TO_32_BIT_CONVERSION = YES;
				GCC_WARN_ABOUT_RETURN_TYPE = YES_ERROR;
				GCC_WARN_UNDECLARED_SELECTOR = YES;
				GCC_WARN_UNINITIALIZED_AUTOS = YES_AGGRESSIVE;
				GCC_WARN_UNUSED_FUNCTION = YES;
				GCC_WARN_UNUSED_VARIABLE = YES;
				IPHONEOS_DEPLOYMENT_TARGET = 5.0;
				ONLY_ACTIVE_ARCH = NO;
				SDKROOT = iphoneos;
			};
			name = Debug;
		};
		C6E7E7162ABEE9A50031D721 /* Release */ = {
			isa = XCBuildConfiguration;
			buildSettings = {
				ALWAYS_SEARCH_USER_PATHS = NO;
				CLANG_CXX_LANGUAGE_STANDARD = "gnu++0x";
				CLANG_CXX_LIBRARY = "libc++";
				CLANG_ENABLE_MODULES = YES;
				CLANG_ENABLE_OBJC_ARC = YES;
				CLANG_WARN_BOOL_CONVERSION = YES;
				CLANG_WARN_CONSTANT_CONVERSION = YES;
				CLANG_WARN_DIRECT_OBJC_ISA_USAGE = YES_ERROR;
				CLANG_WARN_EMPTY_BODY = YES;
				CLANG_WARN_ENUM_CONVERSION = YES;
				CLANG_WARN_INT_CONVERSION = YES;
				CLANG_WARN_OBJC_ROOT_CLASS = YES_ERROR;
				CLANG_WARN__DUPLICATE_METHOD_MATCH = YES;
				"CODE_SIGN_IDENTITY[sdk=iphoneos*]" = "iPhone Developer";
				COPY_PHASE_STRIP = YES;
				ENABLE_NS_ASSERTIONS = NO;
				GCC_C_LANGUAGE_STANDARD = gnu99;
				GCC_WARN_64_TO_32_BIT_CONVERSION = YES;
				GCC_WARN_ABOUT_RETURN_TYPE = YES_ERROR;
				GCC_WARN_UNDECLARED_SELECTOR = YES;
				GCC_WARN_UNINITIALIZED_AUTOS = YES_AGGRESSIVE;
				GCC_WARN_UNUSED_FUNCTION = YES;
				GCC_WARN_UNUSED_VARIABLE = YES;
				IPHONEOS_DEPLOYMENT_TARGET = 5.0;
				SDKROOT = iphoneos;
				VALIDATE_PRODUCT = YES;
			};
			name = Release;
		};
		C6E7E7182ABEE9A50031D721 /* Debug */ = {
			isa = XCBuildConfiguration;
			buildSettings = {
				ASSETCATALOG_COMPILER_APPICON_NAME = AppIcon;
				ASSETCATALOG_COMPILER_LAUNCHIMAGE_NAME = LaunchImage;
				GCC_PRECOMPILE_PREFIX_HEADER = YES;
				GCC_PREFIX_HEADER = "Battery Health/Settings-Prefix.pch";
				INFOPLIST_FILE = "Battery Health/Settings-Info.plist";
				PRODUCT_NAME = Settings;
				WRAPPER_EXTENSION = app;
			};
			name = Debug;
		};
		C6E7E7192ABEE9A50031D721 /* Release */ = {
			isa = XCBuildConfiguration;
			buildSettings = {
				ASSETCATALOG_COMPILER_APPICON_NAME = AppIcon;
				ASSETCATALOG_COMPILER_LAUNCHIMAGE_NAME = LaunchImage;
				GCC_PRECOMPILE_PREFIX_HEADER = YES;
				GCC_PREFIX_HEADER = "Battery Health/Settings-Prefix.pch";
				INFOPLIST_FILE = "Battery Health/Settings-Info.plist";
				PRODUCT_NAME = Settings;
				WRAPPER_EXTENSION = app;
			};
			name = Release;
		};
		C6E7E71B2ABEE9A50031D721 /* Debug */ = {
			isa = XCBuildConfiguration;
			buildSettings = {
				BUNDLE_LOADER = "$(BUILT_PRODUCTS_DIR)/Battery Health.app/Battery Health";
				FRAMEWORK_SEARCH_PATHS = (
					"$(SDKROOT)/Developer/Library/Frameworks",
					"$(inherited)",
					"$(DEVELOPER_FRAMEWORKS_DIR)",
				);
				GCC_PRECOMPILE_PREFIX_HEADER = YES;
				GCC_PREFIX_HEADER = "Battery Health/Battery Health-Prefix.pch";
				GCC_PREPROCESSOR_DEFINITIONS = (
					"DEBUG=1",
					"$(inherited)",
				);
				INFOPLIST_FILE = "Battery HealthTests/SettingsTests-Info.plist";
				PRODUCT_NAME = SettingsTests;
				TEST_HOST = "$(BUNDLE_LOADER)";
				WRAPPER_EXTENSION = xctest;
			};
			name = Debug;
		};
		C6E7E71C2ABEE9A50031D721 /* Release */ = {
			isa = XCBuildConfiguration;
			buildSettings = {
				BUNDLE_LOADER = "$(BUILT_PRODUCTS_DIR)/Battery Health.app/Battery Health";
				FRAMEWORK_SEARCH_PATHS = (
					"$(SDKROOT)/Developer/Library/Frameworks",
					"$(inherited)",
					"$(DEVELOPER_FRAMEWORKS_DIR)",
				);
				GCC_PRECOMPILE_PREFIX_HEADER = YES;
				GCC_PREFIX_HEADER = "Battery Health/Battery Health-Prefix.pch";
				INFOPLIST_FILE = "Battery HealthTests/SettingsTests-Info.plist";
				PRODUCT_NAME = SettingsTests;
				TEST_HOST = "$(BUNDLE_LOADER)";
				WRAPPER_EXTENSION = xctest;
			};
			name = Release;
		};
/* End XCBuildConfiguration section */

/* Begin XCConfigurationList section */
		C6E7E6E02ABEE9A50031D721 /* Build configuration list for PBXProject "Settings" */ = {
			isa = XCConfigurationList;
			buildConfigurations = (
				C6E7E7152ABEE9A50031D721 /* Debug */,
				C6E7E7162ABEE9A50031D721 /* Release */,
			);
			defaultConfigurationIsVisible = 0;
			defaultConfigurationName = Release;
		};
		C6E7E7172ABEE9A50031D721 /* Build configuration list for PBXNativeTarget "Settings" */ = {
			isa = XCConfigurationList;
			buildConfigurations = (
				C6E7E7182ABEE9A50031D721 /* Debug */,
				C6E7E7192ABEE9A50031D721 /* Release */,
			);
			defaultConfigurationIsVisible = 0;
			defaultConfigurationName = Release;
		};
		C6E7E71A2ABEE9A50031D721 /* Build configuration list for PBXNativeTarget "SettingsTests" */ = {
			isa = XCConfigurationList;
			buildConfigurations = (
				C6E7E71B2ABEE9A50031D721 /* Debug */,
				C6E7E71C2ABEE9A50031D721 /* Release */,
			);
			defaultConfigurationIsVisible = 0;
			defaultConfigurationName = Release;
		};
/* End XCConfigurationList section */
	};
	rootObject = C6E7E6DD2ABEE9A50031D721 /* Project object */;
}
